// !$*UTF8*$!
{
	archiveVersion = 1;
	classes = {
	};
	objectVersion = 46;
	objects = {

/* Begin PBXBuildFile section */
		16109ACC195F902200F7DA41 /* AppDelegate.swift in Sources */ = {isa = PBXBuildFile; fileRef = 16109ACB195F902200F7DA41 /* AppDelegate.swift */; };
		16109ACF195F902200F7DA41 /* SwiftKanBan.xcdatamodeld in Sources */ = {isa = PBXBuildFile; fileRef = 16109ACD195F902200F7DA41 /* SwiftKanBan.xcdatamodeld */; };
		16109AD1195F902200F7DA41 /* Images.xcassets in Resources */ = {isa = PBXBuildFile; fileRef = 16109AD0195F902200F7DA41 /* Images.xcassets */; };
		16109ADD195F902200F7DA41 /* SwiftKanBanTests.swift in Sources */ = {isa = PBXBuildFile; fileRef = 16109ADC195F902200F7DA41 /* SwiftKanBanTests.swift */; };
		16109AE7195F90C100F7DA41 /* Main.storyboard in Resources */ = {isa = PBXBuildFile; fileRef = 16109AE6195F90C100F7DA41 /* Main.storyboard */; };
		16109AE9195F962B00F7DA41 /* AddToDoViewController.swift in Sources */ = {isa = PBXBuildFile; fileRef = 16109AE8195F962B00F7DA41 /* AddToDoViewController.swift */; };
		16109AEB195F965500F7DA41 /* ToDoListTableViewController.swift in Sources */ = {isa = PBXBuildFile; fileRef = 16109AEA195F965500F7DA41 /* ToDoListTableViewController.swift */; };
		16109AEE195F9F3D00F7DA41 /* ToDoItem.swift in Sources */ = {isa = PBXBuildFile; fileRef = 16109AED195F9F3D00F7DA41 /* ToDoItem.swift */; };
/* End PBXBuildFile section */

/* Begin PBXContainerItemProxy section */
		16109AD7195F902200F7DA41 /* PBXContainerItemProxy */ = {
			isa = PBXContainerItemProxy;
			containerPortal = 16109ABE195F902200F7DA41 /* Project object */;
			proxyType = 1;
			remoteGlobalIDString = 16109AC5195F902200F7DA41;
			remoteInfo = SwiftKanBan;
		};
/* End PBXContainerItemProxy section */

/* Begin PBXFileReference section */
		16109AC6195F902200F7DA41 /* SwiftKanBan.app */ = {isa = PBXFileReference; explicitFileType = wrapper.application; includeInIndex = 0; path = SwiftKanBan.app; sourceTree = BUILT_PRODUCTS_DIR; };
		16109ACA195F902200F7DA41 /* Info.plist */ = {isa = PBXFileReference; lastKnownFileType = text.plist.xml; path = Info.plist; sourceTree = "<group>"; };
		16109ACB195F902200F7DA41 /* AppDelegate.swift */ = {isa = PBXFileReference; lastKnownFileType = sourcecode.swift; path = AppDelegate.swift; sourceTree = "<group>"; };
		16109ACE195F902200F7DA41 /* SwiftKanBan.xcdatamodel */ = {isa = PBXFileReference; lastKnownFileType = wrapper.xcdatamodel; path = SwiftKanBan.xcdatamodel; sourceTree = "<group>"; };
		16109AD0195F902200F7DA41 /* Images.xcassets */ = {isa = PBXFileReference; lastKnownFileType = folder.assetcatalog; path = Images.xcassets; sourceTree = "<group>"; };
		16109AD6195F902200F7DA41 /* SwiftKanBanTests.xctest */ = {isa = PBXFileReference; explicitFileType = wrapper.cfbundle; includeInIndex = 0; path = SwiftKanBanTests.xctest; sourceTree = BUILT_PRODUCTS_DIR; };
		16109ADB195F902200F7DA41 /* Info.plist */ = {isa = PBXFileReference; lastKnownFileType = text.plist.xml; path = Info.plist; sourceTree = "<group>"; };
		16109ADC195F902200F7DA41 /* SwiftKanBanTests.swift */ = {isa = PBXFileReference; lastKnownFileType = sourcecode.swift; path = SwiftKanBanTests.swift; sourceTree = "<group>"; };
		16109AE6195F90C100F7DA41 /* Main.storyboard */ = {isa = PBXFileReference; fileEncoding = 4; lastKnownFileType = file.storyboard; path = Main.storyboard; sourceTree = "<group>"; };
		16109AE8195F962B00F7DA41 /* AddToDoViewController.swift */ = {isa = PBXFileReference; fileEncoding = 4; lastKnownFileType = sourcecode.swift; path = AddToDoViewController.swift; sourceTree = "<group>"; };
		16109AEA195F965500F7DA41 /* ToDoListTableViewController.swift */ = {isa = PBXFileReference; fileEncoding = 4; lastKnownFileType = sourcecode.swift; path = ToDoListTableViewController.swift; sourceTree = "<group>"; };
		16109AEC195F975A00F7DA41 /* ToDoListTableViewController.h */ = {isa = PBXFileReference; lastKnownFileType = sourcecode.c.h; path = ToDoListTableViewController.h; sourceTree = "<group>"; };
		16109AED195F9F3D00F7DA41 /* ToDoItem.swift */ = {isa = PBXFileReference; fileEncoding = 4; lastKnownFileType = sourcecode.swift; path = ToDoItem.swift; sourceTree = "<group>"; };
/* End PBXFileReference section */

/* Begin PBXFrameworksBuildPhase section */
		16109AC3195F902200F7DA41 /* Frameworks */ = {
			isa = PBXFrameworksBuildPhase;
			buildActionMask = 2147483647;
			files = (
			);
			runOnlyForDeploymentPostprocessing = 0;
		};
		16109AD3195F902200F7DA41 /* Frameworks */ = {
			isa = PBXFrameworksBuildPhase;
			buildActionMask = 2147483647;
			files = (
			);
			runOnlyForDeploymentPostprocessing = 0;
		};
/* End PBXFrameworksBuildPhase section */

/* Begin PBXGroup section */
		16109ABD195F902200F7DA41 = {
			isa = PBXGroup;
			children = (
				16109AE8195F962B00F7DA41 /* AddToDoViewController.swift */,
				16109AEA195F965500F7DA41 /* ToDoListTableViewController.swift */,
				16109AED195F9F3D00F7DA41 /* ToDoItem.swift */,
				16109AEC195F975A00F7DA41 /* ToDoListTableViewController.h */,
				16109AE6195F90C100F7DA41 /* Main.storyboard */,
				16109AC8195F902200F7DA41 /* SwiftKanBan */,
				16109AD9195F902200F7DA41 /* SwiftKanBanTests */,
				16109AC7195F902200F7DA41 /* Products */,
			);
			sourceTree = "<group>";
		};
		16109AC7195F902200F7DA41 /* Products */ = {
			isa = PBXGroup;
			children = (
				16109AC6195F902200F7DA41 /* SwiftKanBan.app */,
				16109AD6195F902200F7DA41 /* SwiftKanBanTests.xctest */,
			);
			name = Products;
			sourceTree = "<group>";
		};
		16109AC8195F902200F7DA41 /* SwiftKanBan */ = {
			isa = PBXGroup;
			children = (
				16109ACB195F902200F7DA41 /* AppDelegate.swift */,
				16109AD0195F902200F7DA41 /* Images.xcassets */,
				16109ACD195F902200F7DA41 /* SwiftKanBan.xcdatamodeld */,
				16109AC9195F902200F7DA41 /* Supporting Files */,
			);
			path = SwiftKanBan;
			sourceTree = "<group>";
		};
		16109AC9195F902200F7DA41 /* Supporting Files */ = {
			isa = PBXGroup;
			children = (
				16109ACA195F902200F7DA41 /* Info.plist */,
			);
			name = "Supporting Files";
			sourceTree = "<group>";
		};
		16109AD9195F902200F7DA41 /* SwiftKanBanTests */ = {
			isa = PBXGroup;
			children = (
				16109ADC195F902200F7DA41 /* SwiftKanBanTests.swift */,
				16109ADA195F902200F7DA41 /* Supporting Files */,
			);
			path = SwiftKanBanTests;
			sourceTree = "<group>";
		};
		16109ADA195F902200F7DA41 /* Supporting Files */ = {
			isa = PBXGroup;
			children = (
				16109ADB195F902200F7DA41 /* Info.plist */,
			);
			name = "Supporting Files";
			sourceTree = "<group>";
		};
/* End PBXGroup section */

/* Begin PBXNativeTarget section */
		16109AC5195F902200F7DA41 /* SwiftKanBan */ = {
			isa = PBXNativeTarget;
			buildConfigurationList = 16109AE0195F902200F7DA41 /* Build configuration list for PBXNativeTarget "SwiftKanBan" */;
			buildPhases = (
				16109AC2195F902200F7DA41 /* Sources */,
				16109AC3195F902200F7DA41 /* Frameworks */,
				16109AC4195F902200F7DA41 /* Resources */,
			);
			buildRules = (
			);
			dependencies = (
			);
			name = SwiftKanBan;
			productName = SwiftKanBan;
			productReference = 16109AC6195F902200F7DA41 /* SwiftKanBan.app */;
			productType = "com.apple.product-type.application";
		};
		16109AD5195F902200F7DA41 /* SwiftKanBanTests */ = {
			isa = PBXNativeTarget;
			buildConfigurationList = 16109AE3195F902200F7DA41 /* Build configuration list for PBXNativeTarget "SwiftKanBanTests" */;
			buildPhases = (
				16109AD2195F902200F7DA41 /* Sources */,
				16109AD3195F902200F7DA41 /* Frameworks */,
				16109AD4195F902200F7DA41 /* Resources */,
			);
			buildRules = (
			);
			dependencies = (
				16109AD8195F902200F7DA41 /* PBXTargetDependency */,
			);
			name = SwiftKanBanTests;
			productName = SwiftKanBanTests;
			productReference = 16109AD6195F902200F7DA41 /* SwiftKanBanTests.xctest */;
			productType = "com.apple.product-type.bundle.unit-test";
		};
/* End PBXNativeTarget section */

/* Begin PBXProject section */
		16109ABE195F902200F7DA41 /* Project object */ = {
			isa = PBXProject;
			attributes = {
				LastUpgradeCheck = 0600;
				ORGANIZATIONNAME = "Jin Chung";
				TargetAttributes = {
					16109AC5195F902200F7DA41 = {
						CreatedOnToolsVersion = 6.0;
					};
					16109AD5195F902200F7DA41 = {
						CreatedOnToolsVersion = 6.0;
						TestTargetID = 16109AC5195F902200F7DA41;
					};
				};
			};
			buildConfigurationList = 16109AC1195F902200F7DA41 /* Build configuration list for PBXProject "SwiftKanBan" */;
			compatibilityVersion = "Xcode 3.2";
			developmentRegion = English;
			hasScannedForEncodings = 0;
			knownRegions = (
				en,
			);
			mainGroup = 16109ABD195F902200F7DA41;
			productRefGroup = 16109AC7195F902200F7DA41 /* Products */;
			projectDirPath = "";
			projectRoot = "";
			targets = (
				16109AC5195F902200F7DA41 /* SwiftKanBan */,
				16109AD5195F902200F7DA41 /* SwiftKanBanTests */,
			);
		};
/* End PBXProject section */

/* Begin PBXResourcesBuildPhase section */
		16109AC4195F902200F7DA41 /* Resources */ = {
			isa = PBXResourcesBuildPhase;
			buildActionMask = 2147483647;
			files = (
				16109AD1195F902200F7DA41 /* Images.xcassets in Resources */,
				16109AE7195F90C100F7DA41 /* Main.storyboard in Resources */,
			);
			runOnlyForDeploymentPostprocessing = 0;
		};
		16109AD4195F902200F7DA41 /* Resources */ = {
			isa = PBXResourcesBuildPhase;
			buildActionMask = 2147483647;
			files = (
			);
			runOnlyForDeploymentPostprocessing = 0;
		};
/* End PBXResourcesBuildPhase section */

/* Begin PBXSourcesBuildPhase section */
		16109AC2195F902200F7DA41 /* Sources */ = {
			isa = PBXSourcesBuildPhase;
			buildActionMask = 2147483647;
			files = (
				16109ACF195F902200F7DA41 /* SwiftKanBan.xcdatamodeld in Sources */,
				16109AE9195F962B00F7DA41 /* AddToDoViewController.swift in Sources */,
				16109AEE195F9F3D00F7DA41 /* ToDoItem.swift in Sources */,
				16109ACC195F902200F7DA41 /* AppDelegate.swift in Sources */,
				16109AEB195F965500F7DA41 /* ToDoListTableViewController.swift in Sources */,
			);
			runOnlyForDeploymentPostprocessing = 0;
		};
		16109AD2195F902200F7DA41 /* Sources */ = {
			isa = PBXSourcesBuildPhase;
			buildActionMask = 2147483647;
			files = (
				16109ADD195F902200F7DA41 /* SwiftKanBanTests.swift in Sources */,
			);
			runOnlyForDeploymentPostprocessing = 0;
		};
/* End PBXSourcesBuildPhase section */

/* Begin PBXTargetDependency section */
		16109AD8195F902200F7DA41 /* PBXTargetDependency */ = {
			isa = PBXTargetDependency;
			target = 16109AC5195F902200F7DA41 /* SwiftKanBan */;
			targetProxy = 16109AD7195F902200F7DA41 /* PBXContainerItemProxy */;
		};
/* End PBXTargetDependency section */

/* Begin XCBuildConfiguration section */
		16109ADE195F902200F7DA41 /* Debug */ = {
			isa = XCBuildConfiguration;
			buildSettings = {
				ALWAYS_SEARCH_USER_PATHS = NO;
				CLANG_CXX_LANGUAGE_STANDARD = "gnu++0x";
				CLANG_CXX_LIBRARY = "libc++";
				CLANG_ENABLE_MODULES = YES;
				CLANG_ENABLE_OBJC_ARC = YES;
				CLANG_WARN_BOOL_CONVERSION = YES;
				CLANG_WARN_CONSTANT_CONVERSION = YES;
				CLANG_WARN_DIRECT_OBJC_ISA_USAGE = YES_ERROR;
				CLANG_WARN_EMPTY_BODY = YES;
				CLANG_WARN_ENUM_CONVERSION = YES;
				CLANG_WARN_INT_CONVERSION = YES;
				CLANG_WARN_OBJC_ROOT_CLASS = YES_ERROR;
				CLANG_WARN_UNREACHABLE_CODE = YES;
				CLANG_WARN__DUPLICATE_METHOD_MATCH = YES;
				"CODE_SIGN_IDENTITY[sdk=iphoneos*]" = "iPhone Developer";
				COPY_PHASE_STRIP = NO;
				ENABLE_STRICT_OBJC_MSGSEND = YES;
				GCC_C_LANGUAGE_STANDARD = gnu99;
				GCC_DYNAMIC_NO_PIC = NO;
				GCC_OPTIMIZATION_LEVEL = 0;
				GCC_PREPROCESSOR_DEFINITIONS = (
					"DEBUG=1",
					"$(inherited)",
				);
				GCC_SYMBOLS_PRIVATE_EXTERN = NO;
				GCC_WARN_64_TO_32_BIT_CONVERSION = YES;
				GCC_WARN_ABOUT_RETURN_TYPE = YES_ERROR;
				GCC_WARN_UNDECLARED_SELECTOR = YES;
				GCC_WARN_UNINITIALIZED_AUTOS = YES_AGGRESSIVE;
				GCC_WARN_UNUSED_FUNCTION = YES;
				GCC_WARN_UNUSED_VARIABLE = YES;
				IPHONEOS_DEPLOYMENT_TARGET = 8.0;
				METAL_ENABLE_DEBUG_INFO = YES;
				ONLY_ACTIVE_ARCH = YES;
				SDKROOT = iphoneos;
				SWIFT_OPTIMIZATION_LEVEL = "-Onone";
			};
			name = Debug;
		};
		16109ADF195F902200F7DA41 /* Release */ = {
			isa = XCBuildConfiguration;
			buildSettings = {
				ALWAYS_SEARCH_USER_PATHS = NO;
				CLANG_CXX_LANGUAGE_STANDARD = "gnu++0x";
				CLANG_CXX_LIBRARY = "libc++";
				CLANG_ENABLE_MODULES = YES;
				CLANG_ENABLE_OBJC_ARC = YES;
				CLANG_WARN_BOOL_CONVERSION = YES;
				CLANG_WARN_CONSTANT_CONVERSION = YES;
				CLANG_WARN_DIRECT_OBJC_ISA_USAGE = YES_ERROR;
				CLANG_WARN_EMPTY_BODY = YES;
				CLANG_WARN_ENUM_CONVERSION = YES;
				CLANG_WARN_INT_CONVERSION = YES;
				CLANG_WARN_OBJC_ROOT_CLASS = YES_ERROR;
				CLANG_WARN_UNREACHABLE_CODE = YES;
				CLANG_WARN__DUPLICATE_METHOD_MATCH = YES;
				"CODE_SIGN_IDENTITY[sdk=iphoneos*]" = "iPhone Developer";
				COPY_PHASE_STRIP = YES;
				ENABLE_NS_ASSERTIONS = NO;
				ENABLE_STRICT_OBJC_MSGSEND = YES;
				GCC_C_LANGUAGE_STANDARD = gnu99;
				GCC_WARN_64_TO_32_BIT_CONVERSION = YES;
				GCC_WARN_ABOUT_RETURN_TYPE = YES_ERROR;
				GCC_WARN_UNDECLARED_SELECTOR = YES;
				GCC_WARN_UNINITIALIZED_AUTOS = YES_AGGRESSIVE;
				GCC_WARN_UNUSED_FUNCTION = YES;
				GCC_WARN_UNUSED_VARIABLE = YES;
				IPHONEOS_DEPLOYMENT_TARGET = 8.0;
				METAL_ENABLE_DEBUG_INFO = NO;
				SDKROOT = iphoneos;
				VALIDATE_PRODUCT = YES;
			};
			name = Release;
		};
		16109AE1195F902200F7DA41 /* Debug */ = {
			isa = XCBuildConfiguration;
			buildSettings = {
				ASSETCATALOG_COMPILER_APPICON_NAME = AppIcon;
				ASSETCATALOG_COMPILER_LAUNCHIMAGE_NAME = LaunchImage;
				INFOPLIST_FILE = SwiftKanBan/Info.plist;
				LD_RUNPATH_SEARCH_PATHS = "$(inherited) @executable_path/Frameworks";
				PRODUCT_NAME = "$(TARGET_NAME)";
			};
			name = Debug;
		};
		16109AE2195F902200F7DA41 /* Release */ = {
			isa = XCBuildConfiguration;
			buildSettings = {
				ASSETCATALOG_COMPILER_APPICON_NAME = AppIcon;
				ASSETCATALOG_COMPILER_LAUNCHIMAGE_NAME = LaunchImage;
				INFOPLIST_FILE = SwiftKanBan/Info.plist;
				LD_RUNPATH_SEARCH_PATHS = "$(inherited) @executable_path/Frameworks";
				PRODUCT_NAME = "$(TARGET_NAME)";
			};
			name = Release;
		};
		16109AE4195F902200F7DA41 /* Debug */ = {
			isa = XCBuildConfiguration;
			buildSettings = {
				BUNDLE_LOADER = "$(BUILT_PRODUCTS_DIR)/SwiftKanBan.app/SwiftKanBan";
				FRAMEWORK_SEARCH_PATHS = (
					"$(SDKROOT)/Developer/Library/Frameworks",
					"$(inherited)",
				);
				GCC_PREPROCESSOR_DEFINITIONS = (
					"DEBUG=1",
					"$(inherited)",
				);
				INFOPLIST_FILE = SwiftKanBanTests/Info.plist;
				LD_RUNPATH_SEARCH_PATHS = "$(inherited) @executable_path/Frameworks @loader_path/Frameworks";
				METAL_ENABLE_DEBUG_INFO = YES;
				PRODUCT_NAME = "$(TARGET_NAME)";
				TEST_HOST = "$(BUNDLE_LOADER)";
			};
			name = Debug;
		};
		16109AE5195F902200F7DA41 /* Release */ = {
			isa = XCBuildConfiguration;
			buildSettings = {
				BUNDLE_LOADER = "$(BUILT_PRODUCTS_DIR)/SwiftKanBan.app/SwiftKanBan";
				FRAMEWORK_SEARCH_PATHS = (
					"$(SDKROOT)/Developer/Library/Frameworks",
					"$(inherited)",
				);
				INFOPLIST_FILE = SwiftKanBanTests/Info.plist;
				LD_RUNPATH_SEARCH_PATHS = "$(inherited) @executable_path/Frameworks @loader_path/Frameworks";
				METAL_ENABLE_DEBUG_INFO = NO;
				PRODUCT_NAME = "$(TARGET_NAME)";
				TEST_HOST = "$(BUNDLE_LOADER)";
			};
			name = Release;
		};
/* End XCBuildConfiguration section */

/* Begin XCConfigurationList section */
		16109AC1195F902200F7DA41 /* Build configuration list for PBXProject "SwiftKanBan" */ = {
			isa = XCConfigurationList;
			buildConfigurations = (
				16109ADE195F902200F7DA41 /* Debug */,
				16109ADF195F902200F7DA41 /* Release */,
			);
			defaultConfigurationIsVisible = 0;
			defaultConfigurationName = Release;
		};
		16109AE0195F902200F7DA41 /* Build configuration list for PBXNativeTarget "SwiftKanBan" */ = {
			isa = XCConfigurationList;
			buildConfigurations = (
				16109AE1195F902200F7DA41 /* Debug */,
				16109AE2195F902200F7DA41 /* Release */,
			);
			defaultConfigurationIsVisible = 0;
		};
		16109AE3195F902200F7DA41 /* Build configuration list for PBXNativeTarget "SwiftKanBanTests" */ = {
			isa = XCConfigurationList;
			buildConfigurations = (
				16109AE4195F902200F7DA41 /* Debug */,
				16109AE5195F902200F7DA41 /* Release */,
			);
			defaultConfigurationIsVisible = 0;
		};
/* End XCConfigurationList section */

/* Begin XCVersionGroup section */
		16109ACD195F902200F7DA41 /* SwiftKanBan.xcdatamodeld */ = {
			isa = XCVersionGroup;
			children = (
				16109ACE195F902200F7DA41 /* SwiftKanBan.xcdatamodel */,
			);
			currentVersion = 16109ACE195F902200F7DA41 /* SwiftKanBan.xcdatamodel */;
			path = SwiftKanBan.xcdatamodeld;
			sourceTree = "<group>";
			versionGroupType = wrapper.xcdatamodel;
		};
/* End XCVersionGroup section */
	};
	rootObject = 16109ABE195F902200F7DA41 /* Project object */;
}
